// !$*UTF8*$!
{
	archiveVersion = 1;
	classes = {
	};
	objectVersion = 48;
	objects = {

/* Begin PBXBuildFile section */
		952FCE5D20308DC300913224 /* AppDelegate.swift in Sources */ = {isa = PBXBuildFile; fileRef = 952FCE5C20308DC300913224 /* AppDelegate.swift */; };
		952FCE5F20308DC300913224 /* ViewController.swift in Sources */ = {isa = PBXBuildFile; fileRef = 952FCE5E20308DC300913224 /* ViewController.swift */; };
		952FCE6420308DC300913224 /* Assets.xcassets in Resources */ = {isa = PBXBuildFile; fileRef = 952FCE6320308DC300913224 /* Assets.xcassets */; };
		952FCE6720308DC300913224 /* LaunchScreen.storyboard in Resources */ = {isa = PBXBuildFile; fileRef = 952FCE6520308DC300913224 /* LaunchScreen.storyboard */; };
		952FCE7220308DC400913224 /* imperialistCellTests.swift in Sources */ = {isa = PBXBuildFile; fileRef = 952FCE7120308DC400913224 /* imperialistCellTests.swift */; };
/* End PBXBuildFile section */

/* Begin PBXContainerItemProxy section */
		952FCE6E20308DC400913224 /* PBXContainerItemProxy */ = {
			isa = PBXContainerItemProxy;
			containerPortal = 952FCE5120308DC300913224 /* Project object */;
			proxyType = 1;
			remoteGlobalIDString = 952FCE5820308DC300913224;
			remoteInfo = imperialistCell;
		};
/* End PBXContainerItemProxy section */

/* Begin PBXFileReference section */
		952FCE5920308DC300913224 /* imperialistCell.app */ = {isa = PBXFileReference; explicitFileType = wrapper.application; includeInIndex = 0; path = imperialistCell.app; sourceTree = BUILT_PRODUCTS_DIR; };
		952FCE5C20308DC300913224 /* AppDelegate.swift */ = {isa = PBXFileReference; lastKnownFileType = sourcecode.swift; path = AppDelegate.swift; sourceTree = "<group>"; };
		952FCE5E20308DC300913224 /* ViewController.swift */ = {isa = PBXFileReference; lastKnownFileType = sourcecode.swift; path = ViewController.swift; sourceTree = "<group>"; };
		952FCE6320308DC300913224 /* Assets.xcassets */ = {isa = PBXFileReference; lastKnownFileType = folder.assetcatalog; path = Assets.xcassets; sourceTree = "<group>"; };
		952FCE6620308DC300913224 /* Base */ = {isa = PBXFileReference; lastKnownFileType = file.storyboard; name = Base; path = Base.lproj/LaunchScreen.storyboard; sourceTree = "<group>"; };
		952FCE6820308DC300913224 /* Info.plist */ = {isa = PBXFileReference; lastKnownFileType = text.plist.xml; path = Info.plist; sourceTree = "<group>"; };
		952FCE6D20308DC400913224 /* imperialistCellTests.xctest */ = {isa = PBXFileReference; explicitFileType = wrapper.cfbundle; includeInIndex = 0; path = imperialistCellTests.xctest; sourceTree = BUILT_PRODUCTS_DIR; };
		952FCE7120308DC400913224 /* imperialistCellTests.swift */ = {isa = PBXFileReference; lastKnownFileType = sourcecode.swift; path = imperialistCellTests.swift; sourceTree = "<group>"; };
		952FCE7320308DC400913224 /* Info.plist */ = {isa = PBXFileReference; lastKnownFileType = text.plist.xml; path = Info.plist; sourceTree = "<group>"; };
/* End PBXFileReference section */

/* Begin PBXFrameworksBuildPhase section */
		952FCE5620308DC300913224 /* Frameworks */ = {
			isa = PBXFrameworksBuildPhase;
			buildActionMask = 2147483647;
			files = (
			);
			runOnlyForDeploymentPostprocessing = 0;
		};
		952FCE6A20308DC400913224 /* Frameworks */ = {
			isa = PBXFrameworksBuildPhase;
			buildActionMask = 2147483647;
			files = (
			);
			runOnlyForDeploymentPostprocessing = 0;
		};
/* End PBXFrameworksBuildPhase section */

/* Begin PBXGroup section */
		952FCE5020308DC300913224 = {
			isa = PBXGroup;
			children = (
				952FCE5B20308DC300913224 /* imperialistCell */,
				952FCE7020308DC400913224 /* imperialistCellTests */,
				952FCE5A20308DC300913224 /* Products */,
			);
			sourceTree = "<group>";
		};
		952FCE5A20308DC300913224 /* Products */ = {
			isa = PBXGroup;
			children = (
				952FCE5920308DC300913224 /* imperialistCell.app */,
				952FCE6D20308DC400913224 /* imperialistCellTests.xctest */,
			);
			name = Products;
			sourceTree = "<group>";
		};
		952FCE5B20308DC300913224 /* imperialistCell */ = {
			isa = PBXGroup;
			children = (
				952FCE5C20308DC300913224 /* AppDelegate.swift */,
				952FCE5E20308DC300913224 /* ViewController.swift */,
				952FCE6320308DC300913224 /* Assets.xcassets */,
				952FCE6520308DC300913224 /* LaunchScreen.storyboard */,
				952FCE6820308DC300913224 /* Info.plist */,
			);
			path = imperialistCell;
			sourceTree = "<group>";
		};
		952FCE7020308DC400913224 /* imperialistCellTests */ = {
			isa = PBXGroup;
			children = (
				952FCE7120308DC400913224 /* imperialistCellTests.swift */,
				952FCE7320308DC400913224 /* Info.plist */,
			);
			path = imperialistCellTests;
			sourceTree = "<group>";
		};
/* End PBXGroup section */

/* Begin PBXNativeTarget section */
		952FCE5820308DC300913224 /* imperialistCell */ = {
			isa = PBXNativeTarget;
			buildConfigurationList = 952FCE7620308DC400913224 /* Build configuration list for PBXNativeTarget "imperialistCell" */;
			buildPhases = (
				952FCE5520308DC300913224 /* Sources */,
				952FCE5620308DC300913224 /* Frameworks */,
				952FCE5720308DC300913224 /* Resources */,
			);
			buildRules = (
			);
			dependencies = (
			);
			name = imperialistCell;
			productName = imperialistCell;
			productReference = 952FCE5920308DC300913224 /* imperialistCell.app */;
			productType = "com.apple.product-type.application";
		};
		952FCE6C20308DC400913224 /* imperialistCellTests */ = {
			isa = PBXNativeTarget;
			buildConfigurationList = 952FCE7920308DC400913224 /* Build configuration list for PBXNativeTarget "imperialistCellTests" */;
			buildPhases = (
				952FCE6920308DC400913224 /* Sources */,
				952FCE6A20308DC400913224 /* Frameworks */,
				952FCE6B20308DC400913224 /* Resources */,
			);
			buildRules = (
			);
			dependencies = (
				952FCE6F20308DC400913224 /* PBXTargetDependency */,
			);
			name = imperialistCellTests;
			productName = imperialistCellTests;
			productReference = 952FCE6D20308DC400913224 /* imperialistCellTests.xctest */;
			productType = "com.apple.product-type.bundle.unit-test";
		};
/* End PBXNativeTarget section */

/* Begin PBXProject section */
		952FCE5120308DC300913224 /* Project object */ = {
			isa = PBXProject;
			attributes = {
				LastSwiftUpdateCheck = 0920;
				LastUpgradeCheck = 0920;
				ORGANIZATIONNAME = "Swift Uni";
				TargetAttributes = {
					952FCE5820308DC300913224 = {
						CreatedOnToolsVersion = 9.2;
						ProvisioningStyle = Automatic;
					};
					952FCE6C20308DC400913224 = {
						CreatedOnToolsVersion = 9.2;
						ProvisioningStyle = Automatic;
						TestTargetID = 952FCE5820308DC300913224;
					};
				};
			};
			buildConfigurationList = 952FCE5420308DC300913224 /* Build configuration list for PBXProject "imperialistCell" */;
			compatibilityVersion = "Xcode 8.0";
			developmentRegion = en;
			hasScannedForEncodings = 0;
			knownRegions = (
				en,
				Base,
			);
			mainGroup = 952FCE5020308DC300913224;
			productRefGroup = 952FCE5A20308DC300913224 /* Products */;
			projectDirPath = "";
			projectRoot = "";
			targets = (
				952FCE5820308DC300913224 /* imperialistCell */,
				952FCE6C20308DC400913224 /* imperialistCellTests */,
			);
		};
/* End PBXProject section */

/* Begin PBXResourcesBuildPhase section */
		952FCE5720308DC300913224 /* Resources */ = {
			isa = PBXResourcesBuildPhase;
			buildActionMask = 2147483647;
			files = (
				952FCE6720308DC300913224 /* LaunchScreen.storyboard in Resources */,
				952FCE6420308DC300913224 /* Assets.xcassets in Resources */,
			);
			runOnlyForDeploymentPostprocessing = 0;
		};
		952FCE6B20308DC400913224 /* Resources */ = {
			isa = PBXResourcesBuildPhase;
			buildActionMask = 2147483647;
			files = (
			);
			runOnlyForDeploymentPostprocessing = 0;
		};
/* End PBXResourcesBuildPhase section */

/* Begin PBXSourcesBuildPhase section */
		952FCE5520308DC300913224 /* Sources */ = {
			isa = PBXSourcesBuildPhase;
			buildActionMask = 2147483647;
			files = (
				952FCE5F20308DC300913224 /* ViewController.swift in Sources */,
				952FCE5D20308DC300913224 /* AppDelegate.swift in Sources */,
			);
			runOnlyForDeploymentPostprocessing = 0;
		};
		952FCE6920308DC400913224 /* Sources */ = {
			isa = PBXSourcesBuildPhase;
			buildActionMask = 2147483647;
			files = (
				952FCE7220308DC400913224 /* imperialistCellTests.swift in Sources */,
			);
			runOnlyForDeploymentPostprocessing = 0;
		};
/* End PBXSourcesBuildPhase section */

/* Begin PBXTargetDependency section */
		952FCE6F20308DC400913224 /* PBXTargetDependency */ = {
			isa = PBXTargetDependency;
			target = 952FCE5820308DC300913224 /* imperialistCell */;
			targetProxy = 952FCE6E20308DC400913224 /* PBXContainerItemProxy */;
		};
/* End PBXTargetDependency section */

/* Begin PBXVariantGroup section */
		952FCE6520308DC300913224 /* LaunchScreen.storyboard */ = {
			isa = PBXVariantGroup;
			children = (
				952FCE6620308DC300913224 /* Base */,
			);
			name = LaunchScreen.storyboard;
			sourceTree = "<group>";
		};
/* End PBXVariantGroup section */

/* Begin XCBuildConfiguration section */
		952FCE7420308DC400913224 /* Debug */ = {
			isa = XCBuildConfiguration;
			buildSettings = {
				ALWAYS_SEARCH_USER_PATHS = NO;
				CLANG_ANALYZER_NONNULL = YES;
				CLANG_ANALYZER_NUMBER_OBJECT_CONVERSION = YES_AGGRESSIVE;
				CLANG_CXX_LANGUAGE_STANDARD = "gnu++14";
				CLANG_CXX_LIBRARY = "libc++";
				CLANG_ENABLE_MODULES = YES;
				CLANG_ENABLE_OBJC_ARC = YES;
				CLANG_WARN_BLOCK_CAPTURE_AUTORELEASING = YES;
				CLANG_WARN_BOOL_CONVERSION = YES;
				CLANG_WARN_COMMA = YES;
				CLANG_WARN_CONSTANT_CONVERSION = YES;
				CLANG_WARN_DIRECT_OBJC_ISA_USAGE = YES_ERROR;
				CLANG_WARN_DOCUMENTATION_COMMENTS = YES;
				CLANG_WARN_EMPTY_BODY = YES;
				CLANG_WARN_ENUM_CONVERSION = YES;
				CLANG_WARN_INFINITE_RECURSION = YES;
				CLANG_WARN_INT_CONVERSION = YES;
				CLANG_WARN_NON_LITERAL_NULL_CONVERSION = YES;
				CLANG_WARN_OBJC_LITERAL_CONVERSION = YES;
				CLANG_WARN_OBJC_ROOT_CLASS = YES_ERROR;
				CLANG_WARN_RANGE_LOOP_ANALYSIS = YES;
				CLANG_WARN_STRICT_PROTOTYPES = YES;
				CLANG_WARN_SUSPICIOUS_MOVE = YES;
				CLANG_WARN_UNGUARDED_AVAILABILITY = YES_AGGRESSIVE;
				CLANG_WARN_UNREACHABLE_CODE = YES;
				CLANG_WARN__DUPLICATE_METHOD_MATCH = YES;
				CODE_SIGN_IDENTITY = "iPhone Developer";
				COPY_PHASE_STRIP = NO;
				DEBUG_INFORMATION_FORMAT = dwarf;
				ENABLE_STRICT_OBJC_MSGSEND = YES;
				ENABLE_TESTABILITY = YES;
				GCC_C_LANGUAGE_STANDARD = gnu11;
				GCC_DYNAMIC_NO_PIC = NO;
				GCC_NO_COMMON_BLOCKS = YES;
				GCC_OPTIMIZATION_LEVEL = 0;
				GCC_PREPROCESSOR_DEFINITIONS = (
					"DEBUG=1",
					"$(inherited)",
				);
				GCC_WARN_64_TO_32_BIT_CONVERSION = YES;
				GCC_WARN_ABOUT_RETURN_TYPE = YES_ERROR;
				GCC_WARN_UNDECLARED_SELECTOR = YES;
				GCC_WARN_UNINITIALIZED_AUTOS = YES_AGGRESSIVE;
				GCC_WARN_UNUSED_FUNCTION = YES;
				GCC_WARN_UNUSED_VARIABLE = YES;
				IPHONEOS_DEPLOYMENT_TARGET = 11.2;
				MTL_ENABLE_DEBUG_INFO = YES;
				ONLY_ACTIVE_ARCH = YES;
				SDKROOT = iphoneos;
				SWIFT_ACTIVE_COMPILATION_CONDITIONS = DEBUG;
				SWIFT_OPTIMIZATION_LEVEL = "-Onone";
			};
			name = Debug;
		};
		952FCE7520308DC400913224 /* Release */ = {
			isa = XCBuildConfiguration;
			buildSettings = {
				ALWAYS_SEARCH_USER_PATHS = NO;
				CLANG_ANALYZER_NONNULL = YES;
				CLANG_ANALYZER_NUMBER_OBJECT_CONVERSION = YES_AGGRESSIVE;
				CLANG_CXX_LANGUAGE_STANDARD = "gnu++14";
				CLANG_CXX_LIBRARY = "libc++";
				CLANG_ENABLE_MODULES = YES;
				CLANG_ENABLE_OBJC_ARC = YES;
				CLANG_WARN_BLOCK_CAPTURE_AUTORELEASING = YES;
				CLANG_WARN_BOOL_CONVERSION = YES;
				CLANG_WARN_COMMA = YES;
				CLANG_WARN_CONSTANT_CONVERSION = YES;
				CLANG_WARN_DIRECT_OBJC_ISA_USAGE = YES_ERROR;
				CLANG_WARN_DOCUMENTATION_COMMENTS = YES;
				CLANG_WARN_EMPTY_BODY = YES;
				CLANG_WARN_ENUM_CONVERSION = YES;
				CLANG_WARN_INFINITE_RECURSION = YES;
				CLANG_WARN_INT_CONVERSION = YES;
				CLANG_WARN_NON_LITERAL_NULL_CONVERSION = YES;
				CLANG_WARN_OBJC_LITERAL_CONVERSION = YES;
				CLANG_WARN_OBJC_ROOT_CLASS = YES_ERROR;
				CLANG_WARN_RANGE_LOOP_ANALYSIS = YES;
				CLANG_WARN_STRICT_PROTOTYPES = YES;
				CLANG_WARN_SUSPICIOUS_MOVE = YES;
				CLANG_WARN_UNGUARDED_AVAILABILITY = YES_AGGRESSIVE;
				CLANG_WARN_UNREACHABLE_CODE = YES;
				CLANG_WARN__DUPLICATE_METHOD_MATCH = YES;
				CODE_SIGN_IDENTITY = "iPhone Developer";
				COPY_PHASE_STRIP = NO;
				DEBUG_INFORMATION_FORMAT = "dwarf-with-dsym";
				ENABLE_NS_ASSERTIONS = NO;
				ENABLE_STRICT_OBJC_MSGSEND = YES;
				GCC_C_LANGUAGE_STANDARD = gnu11;
				GCC_NO_COMMON_BLOCKS = YES;
				GCC_WARN_64_TO_32_BIT_CONVERSION = YES;
				GCC_WARN_ABOUT_RETURN_TYPE = YES_ERROR;
				GCC_WARN_UNDECLARED_SELECTOR = YES;
				GCC_WARN_UNINITIALIZED_AUTOS = YES_AGGRESSIVE;
				GCC_WARN_UNUSED_FUNCTION = YES;
				GCC_WARN_UNUSED_VARIABLE = YES;
				IPHONEOS_DEPLOYMENT_TARGET = 11.2;
				MTL_ENABLE_DEBUG_INFO = NO;
				SDKROOT = iphoneos;
				SWIFT_OPTIMIZATION_LEVEL = "-Owholemodule";
				VALIDATE_PRODUCT = YES;
			};
			name = Release;
		};
		952FCE7720308DC400913224 /* Debug */ = {
			isa = XCBuildConfiguration;
			buildSettings = {
				ASSETCATALOG_COMPILER_APPICON_NAME = AppIcon;
				CODE_SIGN_STYLE = Automatic;
				DEVELOPMENT_TEAM = 2GM3L224W8;
				INFOPLIST_FILE = imperialistCell/Info.plist;
				LD_RUNPATH_SEARCH_PATHS = "$(inherited) @executable_path/Frameworks";
				PRODUCT_BUNDLE_IDENTIFIER = com.swiftuni.imperialistCell;
				PRODUCT_NAME = "$(TARGET_NAME)";
				SWIFT_VERSION = 4.0;
				TARGETED_DEVICE_FAMILY = "1,2";
			};
			name = Debug;
		};
		952FCE7820308DC400913224 /* Release */ = {
			isa = XCBuildConfiguration;
			buildSettings = {
				ASSETCATALOG_COMPILER_APPICON_NAME = AppIcon;
				CODE_SIGN_STYLE = Automatic;
				DEVELOPMENT_TEAM = 2GM3L224W8;
				INFOPLIST_FILE = imperialistCell/Info.plist;
				LD_RUNPATH_SEARCH_PATHS = "$(inherited) @executable_path/Frameworks";
				PRODUCT_BUNDLE_IDENTIFIER = com.swiftuni.imperialistCell;
				PRODUCT_NAME = "$(TARGET_NAME)";
				SWIFT_VERSION = 4.0;
				TARGETED_DEVICE_FAMILY = "1,2";
			};
			name = Release;
		};
		952FCE7A20308DC400913224 /* Debug */ = {
			isa = XCBuildConfiguration;
			buildSettings = {
				ALWAYS_EMBED_SWIFT_STANDARD_LIBRARIES = YES;
				BUNDLE_LOADER = "$(TEST_HOST)";
				CODE_SIGN_STYLE = Automatic;
				DEVELOPMENT_TEAM = 2GM3L224W8;
				INFOPLIST_FILE = imperialistCellTests/Info.plist;
				LD_RUNPATH_SEARCH_PATHS = "$(inherited) @executable_path/Frameworks @loader_path/Frameworks";
				PRODUCT_BUNDLE_IDENTIFIER = com.swiftuni.imperialistCellTests;
				PRODUCT_NAME = "$(TARGET_NAME)";
				SWIFT_VERSION = 4.0;
				TARGETED_DEVICE_FAMILY = "1,2";
				TEST_HOST = "$(BUILT_PRODUCTS_DIR)/imperialistCell.app/imperialistCell";
			};
			name = Debug;
		};
		952FCE7B20308DC400913224 /* Release */ = {
			isa = XCBuildConfiguration;
			buildSettings = {
				ALWAYS_EMBED_SWIFT_STANDARD_LIBRARIES = YES;
				BUNDLE_LOADER = "$(TEST_HOST)";
				CODE_SIGN_STYLE = Automatic;
				DEVELOPMENT_TEAM = 2GM3L224W8;
				INFOPLIST_FILE = imperialistCellTests/Info.plist;
				LD_RUNPATH_SEARCH_PATHS = "$(inherited) @executable_path/Frameworks @loader_path/Frameworks";
				PRODUCT_BUNDLE_IDENTIFIER = com.swiftuni.imperialistCellTests;
				PRODUCT_NAME = "$(TARGET_NAME)";
				SWIFT_VERSION = 4.0;
				TARGETED_DEVICE_FAMILY = "1,2";
				TEST_HOST = "$(BUILT_PRODUCTS_DIR)/imperialistCell.app/imperialistCell";
			};
			name = Release;
		};
/* End XCBuildConfiguration section */

/* Begin XCConfigurationList section */
		952FCE5420308DC300913224 /* Build configuration list for PBXProject "imperialistCell" */ = {
			isa = XCConfigurationList;
			buildConfigurations = (
				952FCE7420308DC400913224 /* Debug */,
				952FCE7520308DC400913224 /* Release */,
			);
			defaultConfigurationIsVisible = 0;
			defaultConfigurationName = Release;
		};
		952FCE7620308DC400913224 /* Build configuration list for PBXNativeTarget "imperialistCell" */ = {
			isa = XCConfigurationList;
			buildConfigurations = (
				952FCE7720308DC400913224 /* Debug */,
				952FCE7820308DC400913224 /* Release */,
			);
			defaultConfigurationIsVisible = 0;
			defaultConfigurationName = Release;
		};
		952FCE7920308DC400913224 /* Build configuration list for PBXNativeTarget "imperialistCellTests" */ = {
			isa = XCConfigurationList;
			buildConfigurations = (
				952FCE7A20308DC400913224 /* Debug */,
				952FCE7B20308DC400913224 /* Release */,
			);
			defaultConfigurationIsVisible = 0;
			defaultConfigurationName = Release;
		};
/* End XCConfigurationList section */
	};
	rootObject = 952FCE5120308DC300913224 /* Project object */;
}
